
Microsoft Visual Studio Solution File, Format Version 12.00
# Visual Studio Version 17
VisualStudioVersion = 17.8.34525.116
MinimumVisualStudioVersion = 10.0.40219.1
Project("{FAE04EC0-301F-11D3-BF4B-00C04F79EFBC}") = "SumOfConsecutiveOddNumbers", "SumOfConsecutiveOddNumbers\SumOfConsecutiveOddNumbers.csproj", "{33A2F26F-B3A7-42B0-ABDA-90051075820B}"
EndProject
Global
	GlobalSection(SolutionConfigurationPlatforms) = preSolution
		Debug|Any CPU = Debug|Any CPU
		Release|Any CPU = Release|Any CPU
	EndGlobalSection
	GlobalSection(ProjectConfigurationPlatforms) = postSolution
		{33A2F26F-B3A7-42B0-ABDA-90051075820B}.Debug|Any CPU.ActiveCfg = Debug|Any CPU
		{33A2F26F-B3A7-42B0-ABDA-90051075820B}.Debug|Any CPU.Build.0 = Debug|Any CPU
		{33A2F26F-B3A7-42B0-ABDA-90051075820B}.Release|Any CPU.ActiveCfg = Release|Any CPU
		{33A2F26F-B3A7-42B0-ABDA-90051075820B}.Release|Any CPU.Build.0 = Release|Any CPU
	EndGlobalSection
	GlobalSection(SolutionProperties) = preSolution
		HideSolutionNode = FALSE
	EndGlobalSection
	GlobalSection(ExtensibilityGlobals) = postSolution
		SolutionGuid = {D1DE21AD-084D-44CD-9375-BFFB52D6B7BB}
	EndGlobalSection
EndGlobal
